
Microsoft Visual Studio Solution File, Format Version 12.00
# Visual Studio Version 16
VisualStudioVersion = 16.0.29911.84
MinimumVisualStudioVersion = 10.0.40219.1
Project("{9A19103F-16F7-4668-BE54-9A1E7A4F7556}") = "SimpleWebHalloWorld", "SimpleWebHalloWorld\SimpleWebHalloWorld.csproj", "{5C0EA236-7B83-4BAF-8F55-0D4F3D06E37E}"
EndProject
Project("{9A19103F-16F7-4668-BE54-9A1E7A4F7556}") = "SimpleWebHalloWorldTests", "SimpleWebHalloWorldTests\SimpleWebHalloWorldTests.csproj", "{A2D945D0-2FC5-4F14-8D24-BA00D6678694}"
EndProject
Global
	GlobalSection(SolutionConfigurationPlatforms) = preSolution
		Debug|Any CPU = Debug|Any CPU
		Release|Any CPU = Release|Any CPU
	EndGlobalSection
	GlobalSection(ProjectConfigurationPlatforms) = postSolution
		{5C0EA236-7B83-4BAF-8F55-0D4F3D06E37E}.Debug|Any CPU.ActiveCfg = Debug|Any CPU
		{5C0EA236-7B83-4BAF-8F55-0D4F3D06E37E}.Debug|Any CPU.Build.0 = Debug|Any CPU
		{5C0EA236-7B83-4BAF-8F55-0D4F3D06E37E}.Release|Any CPU.ActiveCfg = Release|Any CPU
		{5C0EA236-7B83-4BAF-8F55-0D4F3D06E37E}.Release|Any CPU.Build.0 = Release|Any CPU
		{A2D945D0-2FC5-4F14-8D24-BA00D6678694}.Debug|Any CPU.ActiveCfg = Debug|Any CPU
		{A2D945D0-2FC5-4F14-8D24-BA00D6678694}.Debug|Any CPU.Build.0 = Debug|Any CPU
		{A2D945D0-2FC5-4F14-8D24-BA00D6678694}.Release|Any CPU.ActiveCfg = Release|Any CPU
		{A2D945D0-2FC5-4F14-8D24-BA00D6678694}.Release|Any CPU.Build.0 = Release|Any CPU
	EndGlobalSection
	GlobalSection(SolutionProperties) = preSolution
		HideSolutionNode = FALSE
	EndGlobalSection
	GlobalSection(ExtensibilityGlobals) = postSolution
		SolutionGuid = {27293283-A31A-4CD2-9106-C512F2AE1540}
	EndGlobalSection
EndGlobal
